
Microsoft Visual Studio Solution File, Format Version 12.00
# Visual Studio 14
VisualStudioVersion = 14.0.25123.0
MinimumVisualStudioVersion = 10.0.40219.1
Project("{FAE04EC0-301F-11D3-BF4B-00C04F79EFBC}") = "TODO.domain", "TODO.domain\TODO.domain.csproj", "{EB90BB2A-8E21-4E97-BBBD-5B5875E7ED26}"
EndProject
Project("{FAE04EC0-301F-11D3-BF4B-00C04F79EFBC}") = "TODO.WebUI", "WebUI\TODO.WebUI.csproj", "{E57414FB-7FE3-450B-82E3-EB13DAD6AA0E}"
EndProject
Project("{FAE04EC0-301F-11D3-BF4B-00C04F79EFBC}") = "TODO.UnitTests", "TODO.UnitTests\TODO.UnitTests.csproj", "{69CC1C47-4D5D-4C10-A401-73CBA41658DF}"
EndProject
Global
	GlobalSection(SolutionConfigurationPlatforms) = preSolution
		Debug|Any CPU = Debug|Any CPU
		Release|Any CPU = Release|Any CPU
	EndGlobalSection
	GlobalSection(ProjectConfigurationPlatforms) = postSolution
		{EB90BB2A-8E21-4E97-BBBD-5B5875E7ED26}.Debug|Any CPU.ActiveCfg = Debug|Any CPU
		{EB90BB2A-8E21-4E97-BBBD-5B5875E7ED26}.Debug|Any CPU.Build.0 = Debug|Any CPU
		{EB90BB2A-8E21-4E97-BBBD-5B5875E7ED26}.Release|Any CPU.ActiveCfg = Release|Any CPU
		{EB90BB2A-8E21-4E97-BBBD-5B5875E7ED26}.Release|Any CPU.Build.0 = Release|Any CPU
		{E57414FB-7FE3-450B-82E3-EB13DAD6AA0E}.Debug|Any CPU.ActiveCfg = Debug|Any CPU
		{E57414FB-7FE3-450B-82E3-EB13DAD6AA0E}.Debug|Any CPU.Build.0 = Debug|Any CPU
		{E57414FB-7FE3-450B-82E3-EB13DAD6AA0E}.Release|Any CPU.ActiveCfg = Release|Any CPU
		{E57414FB-7FE3-450B-82E3-EB13DAD6AA0E}.Release|Any CPU.Build.0 = Release|Any CPU
		{69CC1C47-4D5D-4C10-A401-73CBA41658DF}.Debug|Any CPU.ActiveCfg = Debug|Any CPU
		{69CC1C47-4D5D-4C10-A401-73CBA41658DF}.Debug|Any CPU.Build.0 = Debug|Any CPU
		{69CC1C47-4D5D-4C10-A401-73CBA41658DF}.Release|Any CPU.ActiveCfg = Release|Any CPU
		{69CC1C47-4D5D-4C10-A401-73CBA41658DF}.Release|Any CPU.Build.0 = Release|Any CPU
	EndGlobalSection
	GlobalSection(SolutionProperties) = preSolution
		HideSolutionNode = FALSE
	EndGlobalSection
EndGlobal
